
Microsoft Visual Studio Solution File, Format Version 12.00
# Visual Studio Version 16
VisualStudioVersion = 16.0.29009.5
MinimumVisualStudioVersion = 10.0.40219.1
Project("{F184B08F-C81C-45F6-A57F-5ABD9991F28F}") = "100年 Q1", "100年 Q1.vbproj", "{2BC46246-70E2-4FCA-85BB-795148951DCA}"
EndProject
Global
	GlobalSection(SolutionConfigurationPlatforms) = preSolution
		Debug|Any CPU = Debug|Any CPU
		Release|Any CPU = Release|Any CPU
	EndGlobalSection
	GlobalSection(ProjectConfigurationPlatforms) = postSolution
		{2BC46246-70E2-4FCA-85BB-795148951DCA}.Debug|Any CPU.ActiveCfg = Debug|Any CPU
		{2BC46246-70E2-4FCA-85BB-795148951DCA}.Debug|Any CPU.Build.0 = Debug|Any CPU
		{2BC46246-70E2-4FCA-85BB-795148951DCA}.Release|Any CPU.ActiveCfg = Release|Any CPU
		{2BC46246-70E2-4FCA-85BB-795148951DCA}.Release|Any CPU.Build.0 = Release|Any CPU
	EndGlobalSection
	GlobalSection(SolutionProperties) = preSolution
		HideSolutionNode = FALSE
	EndGlobalSection
	GlobalSection(ExtensibilityGlobals) = postSolution
		SolutionGuid = {09E6B3EF-2167-4CCF-8CF3-FFE522DF1CB9}
	EndGlobalSection
EndGlobal
