
Microsoft Visual Studio Solution File, Format Version 12.00
# Visual Studio 15
VisualStudioVersion = 15.0.28307.271
MinimumVisualStudioVersion = 10.0.40219.1
Project("{F184B08F-C81C-45F6-A57F-5ABD9991F28F}") = "100年 Q3", "100年 Q3\100年 Q3.vbproj", "{0121FD5B-09B8-4D28-AD83-57025C4B00E6}"
EndProject
Global
	GlobalSection(SolutionConfigurationPlatforms) = preSolution
		Debug|Any CPU = Debug|Any CPU
		Release|Any CPU = Release|Any CPU
	EndGlobalSection
	GlobalSection(ProjectConfigurationPlatforms) = postSolution
		{0121FD5B-09B8-4D28-AD83-57025C4B00E6}.Debug|Any CPU.ActiveCfg = Debug|Any CPU
		{0121FD5B-09B8-4D28-AD83-57025C4B00E6}.Debug|Any CPU.Build.0 = Debug|Any CPU
		{0121FD5B-09B8-4D28-AD83-57025C4B00E6}.Release|Any CPU.ActiveCfg = Release|Any CPU
		{0121FD5B-09B8-4D28-AD83-57025C4B00E6}.Release|Any CPU.Build.0 = Release|Any CPU
	EndGlobalSection
	GlobalSection(SolutionProperties) = preSolution
		HideSolutionNode = FALSE
	EndGlobalSection
	GlobalSection(ExtensibilityGlobals) = postSolution
		SolutionGuid = {B1C5A046-E2CB-422D-ABF3-C8EAB9B05A05}
	EndGlobalSection
EndGlobal
